// !$*UTF8*$!
{
	archiveVersion = 1;
	classes = {
	};
	objectVersion = 50;
	objects = {

/* Begin PBXBuildFile section */
		E557801122F16A5800762259 /* CircleImage.swift in Sources */ = {isa = PBXBuildFile; fileRef = E557801022F16A5800762259 /* CircleImage.swift */; };
		E557801322F16B4200762259 /* MapView.swift in Sources */ = {isa = PBXBuildFile; fileRef = E557801222F16B4200762259 /* MapView.swift */; };
		E5942F5322F1C1130023226A /* turtlerock.jpg in Resources */ = {isa = PBXBuildFile; fileRef = E5942F4322F1C1130023226A /* turtlerock.jpg */; };
		E5942F5422F1C1130023226A /* silversalmoncreek.jpg in Resources */ = {isa = PBXBuildFile; fileRef = E5942F4422F1C1130023226A /* silversalmoncreek.jpg */; };
		E5942F5522F1C1130023226A /* icybay.jpg in Resources */ = {isa = PBXBuildFile; fileRef = E5942F4522F1C1130023226A /* icybay.jpg */; };
		E5942F5622F1C1130023226A /* lakemcdonald.jpg in Resources */ = {isa = PBXBuildFile; fileRef = E5942F4622F1C1130023226A /* lakemcdonald.jpg */; };
		E5942F5722F1C1130023226A /* hiddenlake.jpg in Resources */ = {isa = PBXBuildFile; fileRef = E5942F4722F1C1130023226A /* hiddenlake.jpg */; };
		E5942F5822F1C1130023226A /* twinlake.jpg in Resources */ = {isa = PBXBuildFile; fileRef = E5942F4822F1C1130023226A /* twinlake.jpg */; };
		E5942F5922F1C1130023226A /* umbagog.jpg in Resources */ = {isa = PBXBuildFile; fileRef = E5942F4922F1C1130023226A /* umbagog.jpg */; };
		E5942F5A22F1C1130023226A /* landmarkData.json in Resources */ = {isa = PBXBuildFile; fileRef = E5942F4A22F1C1130023226A /* landmarkData.json */; };
		E5942F5B22F1C1130023226A /* chincoteague.jpg in Resources */ = {isa = PBXBuildFile; fileRef = E5942F4B22F1C1130023226A /* chincoteague.jpg */; };
		E5942F5C22F1C1130023226A /* yukon_charleyrivers.jpg in Resources */ = {isa = PBXBuildFile; fileRef = E5942F4C22F1C1130023226A /* yukon_charleyrivers.jpg */; };
		E5942F5D22F1C1130023226A /* stmarylake.jpg in Resources */ = {isa = PBXBuildFile; fileRef = E5942F4D22F1C1130023226A /* stmarylake.jpg */; };
		E5942F5E22F1C1130023226A /* chilkoottrail.jpg in Resources */ = {isa = PBXBuildFile; fileRef = E5942F4E22F1C1130023226A /* chilkoottrail.jpg */; };
		E5942F5F22F1C1130023226A /* rainbowlake.jpg in Resources */ = {isa = PBXBuildFile; fileRef = E5942F4F22F1C1130023226A /* rainbowlake.jpg */; };
		E5942F6022F1C1130023226A /* Data.swift in Sources */ = {isa = PBXBuildFile; fileRef = E5942F5122F1C1130023226A /* Data.swift */; };
		E5942F6122F1C1130023226A /* Landmark.swift in Sources */ = {isa = PBXBuildFile; fileRef = E5942F5222F1C1130023226A /* Landmark.swift */; };
		E5942F6322F1C2BC0023226A /* LandmarkView.swift in Sources */ = {isa = PBXBuildFile; fileRef = E5942F6222F1C2BC0023226A /* LandmarkView.swift */; };
		E5942F6522F1C3990023226A /* LandmarkList.swift in Sources */ = {isa = PBXBuildFile; fileRef = E5942F6422F1C3990023226A /* LandmarkList.swift */; };
		E5BD0EA822F161270094ECD6 /* AppDelegate.swift in Sources */ = {isa = PBXBuildFile; fileRef = E5BD0EA722F161270094ECD6 /* AppDelegate.swift */; };
		E5BD0EAA22F161270094ECD6 /* SceneDelegate.swift in Sources */ = {isa = PBXBuildFile; fileRef = E5BD0EA922F161270094ECD6 /* SceneDelegate.swift */; };
		E5BD0EAC22F161270094ECD6 /* ContentView.swift in Sources */ = {isa = PBXBuildFile; fileRef = E5BD0EAB22F161270094ECD6 /* ContentView.swift */; };
		E5BD0EAE22F161290094ECD6 /* Assets.xcassets in Resources */ = {isa = PBXBuildFile; fileRef = E5BD0EAD22F161290094ECD6 /* Assets.xcassets */; };
		E5BD0EB122F161290094ECD6 /* Preview Assets.xcassets in Resources */ = {isa = PBXBuildFile; fileRef = E5BD0EB022F161290094ECD6 /* Preview Assets.xcassets */; };
		E5BD0EB422F161290094ECD6 /* LaunchScreen.storyboard in Resources */ = {isa = PBXBuildFile; fileRef = E5BD0EB222F161290094ECD6 /* LaunchScreen.storyboard */; };
/* End PBXBuildFile section */

/* Begin PBXFileReference section */
		E557801022F16A5800762259 /* CircleImage.swift */ = {isa = PBXFileReference; lastKnownFileType = sourcecode.swift; path = CircleImage.swift; sourceTree = "<group>"; };
		E557801222F16B4200762259 /* MapView.swift */ = {isa = PBXFileReference; lastKnownFileType = sourcecode.swift; name = MapView.swift; path = "../../../../../System/Volumes/Data/Users/pulkit-mac/SwiftProjects/SampleApp/SampleApp/MapView.swift"; sourceTree = "<group>"; };
		E5942F4322F1C1130023226A /* turtlerock.jpg */ = {isa = PBXFileReference; lastKnownFileType = image.jpeg; path = turtlerock.jpg; sourceTree = "<group>"; };
		E5942F4422F1C1130023226A /* silversalmoncreek.jpg */ = {isa = PBXFileReference; lastKnownFileType = image.jpeg; path = silversalmoncreek.jpg; sourceTree = "<group>"; };
		E5942F4522F1C1130023226A /* icybay.jpg */ = {isa = PBXFileReference; lastKnownFileType = image.jpeg; path = icybay.jpg; sourceTree = "<group>"; };
		E5942F4622F1C1130023226A /* lakemcdonald.jpg */ = {isa = PBXFileReference; lastKnownFileType = image.jpeg; path = lakemcdonald.jpg; sourceTree = "<group>"; };
		E5942F4722F1C1130023226A /* hiddenlake.jpg */ = {isa = PBXFileReference; lastKnownFileType = image.jpeg; path = hiddenlake.jpg; sourceTree = "<group>"; };
		E5942F4822F1C1130023226A /* twinlake.jpg */ = {isa = PBXFileReference; lastKnownFileType = image.jpeg; path = twinlake.jpg; sourceTree = "<group>"; };
		E5942F4922F1C1130023226A /* umbagog.jpg */ = {isa = PBXFileReference; lastKnownFileType = image.jpeg; path = umbagog.jpg; sourceTree = "<group>"; };
		E5942F4A22F1C1130023226A /* landmarkData.json */ = {isa = PBXFileReference; fileEncoding = 4; lastKnownFileType = text.json; path = landmarkData.json; sourceTree = "<group>"; };
		E5942F4B22F1C1130023226A /* chincoteague.jpg */ = {isa = PBXFileReference; lastKnownFileType = image.jpeg; path = chincoteague.jpg; sourceTree = "<group>"; };
		E5942F4C22F1C1130023226A /* yukon_charleyrivers.jpg */ = {isa = PBXFileReference; lastKnownFileType = image.jpeg; path = yukon_charleyrivers.jpg; sourceTree = "<group>"; };
		E5942F4D22F1C1130023226A /* stmarylake.jpg */ = {isa = PBXFileReference; lastKnownFileType = image.jpeg; path = stmarylake.jpg; sourceTree = "<group>"; };
		E5942F4E22F1C1130023226A /* chilkoottrail.jpg */ = {isa = PBXFileReference; lastKnownFileType = image.jpeg; path = chilkoottrail.jpg; sourceTree = "<group>"; };
		E5942F4F22F1C1130023226A /* rainbowlake.jpg */ = {isa = PBXFileReference; lastKnownFileType = image.jpeg; path = rainbowlake.jpg; sourceTree = "<group>"; };
		E5942F5122F1C1130023226A /* Data.swift */ = {isa = PBXFileReference; fileEncoding = 4; lastKnownFileType = sourcecode.swift; path = Data.swift; sourceTree = "<group>"; };
		E5942F5222F1C1130023226A /* Landmark.swift */ = {isa = PBXFileReference; fileEncoding = 4; lastKnownFileType = sourcecode.swift; path = Landmark.swift; sourceTree = "<group>"; };
		E5942F6222F1C2BC0023226A /* LandmarkView.swift */ = {isa = PBXFileReference; lastKnownFileType = sourcecode.swift; name = LandmarkView.swift; path = "../../../../../System/Volumes/Data/Users/pulkit-mac/SwiftProjects/SampleApp/SampleApp/LandmarkView.swift"; sourceTree = "<group>"; };
		E5942F6422F1C3990023226A /* LandmarkList.swift */ = {isa = PBXFileReference; lastKnownFileType = sourcecode.swift; name = LandmarkList.swift; path = "../../../../../System/Volumes/Data/Users/pulkit-mac/SwiftProjects/SampleApp/SampleApp/LandmarkList.swift"; sourceTree = "<group>"; };
		E5BD0EA422F161270094ECD6 /* SampleApp.app */ = {isa = PBXFileReference; explicitFileType = wrapper.application; includeInIndex = 0; path = SampleApp.app; sourceTree = BUILT_PRODUCTS_DIR; };
		E5BD0EA722F161270094ECD6 /* AppDelegate.swift */ = {isa = PBXFileReference; lastKnownFileType = sourcecode.swift; path = AppDelegate.swift; sourceTree = "<group>"; };
		E5BD0EA922F161270094ECD6 /* SceneDelegate.swift */ = {isa = PBXFileReference; lastKnownFileType = sourcecode.swift; path = SceneDelegate.swift; sourceTree = "<group>"; };
		E5BD0EAB22F161270094ECD6 /* ContentView.swift */ = {isa = PBXFileReference; lastKnownFileType = sourcecode.swift; path = ContentView.swift; sourceTree = "<group>"; };
		E5BD0EAD22F161290094ECD6 /* Assets.xcassets */ = {isa = PBXFileReference; lastKnownFileType = folder.assetcatalog; path = Assets.xcassets; sourceTree = "<group>"; };
		E5BD0EB022F161290094ECD6 /* Preview Assets.xcassets */ = {isa = PBXFileReference; lastKnownFileType = folder.assetcatalog; path = "Preview Assets.xcassets"; sourceTree = "<group>"; };
		E5BD0EB322F161290094ECD6 /* Base */ = {isa = PBXFileReference; lastKnownFileType = file.storyboard; name = Base; path = Base.lproj/LaunchScreen.storyboard; sourceTree = "<group>"; };
		E5BD0EB522F1612A0094ECD6 /* Info.plist */ = {isa = PBXFileReference; lastKnownFileType = text.plist.xml; path = Info.plist; sourceTree = "<group>"; };
/* End PBXFileReference section */

/* Begin PBXFrameworksBuildPhase section */
		E5BD0EA122F161270094ECD6 /* Frameworks */ = {
			isa = PBXFrameworksBuildPhase;
			buildActionMask = 2147483647;
			files = (
			);
			runOnlyForDeploymentPostprocessing = 0;
		};
/* End PBXFrameworksBuildPhase section */

/* Begin PBXGroup section */
		E5942F4222F1C1130023226A /* Resources copy */ = {
			isa = PBXGroup;
			children = (
				E5942F4322F1C1130023226A /* turtlerock.jpg */,
				E5942F4422F1C1130023226A /* silversalmoncreek.jpg */,
				E5942F4522F1C1130023226A /* icybay.jpg */,
				E5942F4622F1C1130023226A /* lakemcdonald.jpg */,
				E5942F4722F1C1130023226A /* hiddenlake.jpg */,
				E5942F4822F1C1130023226A /* twinlake.jpg */,
				E5942F4922F1C1130023226A /* umbagog.jpg */,
				E5942F4A22F1C1130023226A /* landmarkData.json */,
				E5942F4B22F1C1130023226A /* chincoteague.jpg */,
				E5942F4C22F1C1130023226A /* yukon_charleyrivers.jpg */,
				E5942F4D22F1C1130023226A /* stmarylake.jpg */,
				E5942F4E22F1C1130023226A /* chilkoottrail.jpg */,
				E5942F4F22F1C1130023226A /* rainbowlake.jpg */,
			);
			path = "Resources copy";
			sourceTree = "<group>";
		};
		E5942F5022F1C1130023226A /* Models copy */ = {
			isa = PBXGroup;
			children = (
				E5942F5122F1C1130023226A /* Data.swift */,
				E5942F5222F1C1130023226A /* Landmark.swift */,
			);
			path = "Models copy";
			sourceTree = "<group>";
		};
		E5BD0E9B22F161270094ECD6 = {
			isa = PBXGroup;
			children = (
				E5BD0EA622F161270094ECD6 /* SampleApp */,
				E5BD0EA522F161270094ECD6 /* Products */,
			);
			sourceTree = "<group>";
		};
		E5BD0EA522F161270094ECD6 /* Products */ = {
			isa = PBXGroup;
			children = (
				E5BD0EA422F161270094ECD6 /* SampleApp.app */,
			);
			name = Products;
			sourceTree = "<group>";
		};
		E5BD0EA622F161270094ECD6 /* SampleApp */ = {
			isa = PBXGroup;
			children = (
				E5942F4222F1C1130023226A /* Resources copy */,
				E5942F5022F1C1130023226A /* Models copy */,
				E557801022F16A5800762259 /* CircleImage.swift */,
				E5BD0EA722F161270094ECD6 /* AppDelegate.swift */,
				E5BD0EA922F161270094ECD6 /* SceneDelegate.swift */,
				E5BD0EAB22F161270094ECD6 /* ContentView.swift */,
				E5BD0EAD22F161290094ECD6 /* Assets.xcassets */,
				E5BD0EB222F161290094ECD6 /* LaunchScreen.storyboard */,
				E5BD0EB522F1612A0094ECD6 /* Info.plist */,
				E5BD0EAF22F161290094ECD6 /* Preview Content */,
				E557801222F16B4200762259 /* MapView.swift */,
				E5942F6222F1C2BC0023226A /* LandmarkView.swift */,
				E5942F6422F1C3990023226A /* LandmarkList.swift */,
			);
			path = SampleApp;
			sourceTree = "<group>";
		};
		E5BD0EAF22F161290094ECD6 /* Preview Content */ = {
			isa = PBXGroup;
			children = (
				E5BD0EB022F161290094ECD6 /* Preview Assets.xcassets */,
			);
			path = "Preview Content";
			sourceTree = "<group>";
		};
/* End PBXGroup section */

/* Begin PBXNativeTarget section */
		E5BD0EA322F161270094ECD6 /* SampleApp */ = {
			isa = PBXNativeTarget;
			buildConfigurationList = E5BD0EB822F1612A0094ECD6 /* Build configuration list for PBXNativeTarget "SampleApp" */;
			buildPhases = (
				E5BD0EA022F161270094ECD6 /* Sources */,
				E5BD0EA122F161270094ECD6 /* Frameworks */,
				E5BD0EA222F161270094ECD6 /* Resources */,
			);
			buildRules = (
			);
			dependencies = (
			);
			name = SampleApp;
			productName = SampleApp;
			productReference = E5BD0EA422F161270094ECD6 /* SampleApp.app */;
			productType = "com.apple.product-type.application";
		};
/* End PBXNativeTarget section */

/* Begin PBXProject section */
		E5BD0E9C22F161270094ECD6 /* Project object */ = {
			isa = PBXProject;
			attributes = {
				LastSwiftUpdateCheck = 1100;
				LastUpgradeCheck = 1100;
				ORGANIZATIONNAME = "Pulkit Aggarwal";
				TargetAttributes = {
					E5BD0EA322F161270094ECD6 = {
						CreatedOnToolsVersion = 11.0;
					};
				};
			};
			buildConfigurationList = E5BD0E9F22F161270094ECD6 /* Build configuration list for PBXProject "SampleApp" */;
			compatibilityVersion = "Xcode 9.3";
			developmentRegion = en;
			hasScannedForEncodings = 0;
			knownRegions = (
				en,
				Base,
			);
			mainGroup = E5BD0E9B22F161270094ECD6;
			productRefGroup = E5BD0EA522F161270094ECD6 /* Products */;
			projectDirPath = "";
			projectRoot = "";
			targets = (
				E5BD0EA322F161270094ECD6 /* SampleApp */,
			);
		};
/* End PBXProject section */

/* Begin PBXResourcesBuildPhase section */
		E5BD0EA222F161270094ECD6 /* Resources */ = {
			isa = PBXResourcesBuildPhase;
			buildActionMask = 2147483647;
			files = (
				E5942F5622F1C1130023226A /* lakemcdonald.jpg in Resources */,
				E5942F5422F1C1130023226A /* silversalmoncreek.jpg in Resources */,
				E5942F5A22F1C1130023226A /* landmarkData.json in Resources */,
				E5942F5322F1C1130023226A /* turtlerock.jpg in Resources */,
				E5BD0EB422F161290094ECD6 /* LaunchScreen.storyboard in Resources */,
				E5942F5922F1C1130023226A /* umbagog.jpg in Resources */,
				E5942F5D22F1C1130023226A /* stmarylake.jpg in Resources */,
				E5942F5B22F1C1130023226A /* chincoteague.jpg in Resources */,
				E5BD0EB122F161290094ECD6 /* Preview Assets.xcassets in Resources */,
				E5942F5522F1C1130023226A /* icybay.jpg in Resources */,
				E5942F5822F1C1130023226A /* twinlake.jpg in Resources */,
				E5942F5722F1C1130023226A /* hiddenlake.jpg in Resources */,
				E5BD0EAE22F161290094ECD6 /* Assets.xcassets in Resources */,
				E5942F5F22F1C1130023226A /* rainbowlake.jpg in Resources */,
				E5942F5E22F1C1130023226A /* chilkoottrail.jpg in Resources */,
				E5942F5C22F1C1130023226A /* yukon_charleyrivers.jpg in Resources */,
			);
			runOnlyForDeploymentPostprocessing = 0;
		};
/* End PBXResourcesBuildPhase section */

/* Begin PBXSourcesBuildPhase section */
		E5BD0EA022F161270094ECD6 /* Sources */ = {
			isa = PBXSourcesBuildPhase;
			buildActionMask = 2147483647;
			files = (
				E5942F6122F1C1130023226A /* Landmark.swift in Sources */,
				E5BD0EA822F161270094ECD6 /* AppDelegate.swift in Sources */,
				E5942F6322F1C2BC0023226A /* LandmarkView.swift in Sources */,
				E5942F6022F1C1130023226A /* Data.swift in Sources */,
				E5942F6522F1C3990023226A /* LandmarkList.swift in Sources */,
				E5BD0EAA22F161270094ECD6 /* SceneDelegate.swift in Sources */,
				E557801322F16B4200762259 /* MapView.swift in Sources */,
				E5BD0EAC22F161270094ECD6 /* ContentView.swift in Sources */,
				E557801122F16A5800762259 /* CircleImage.swift in Sources */,
			);
			runOnlyForDeploymentPostprocessing = 0;
		};
/* End PBXSourcesBuildPhase section */

/* Begin PBXVariantGroup section */
		E5BD0EB222F161290094ECD6 /* LaunchScreen.storyboard */ = {
			isa = PBXVariantGroup;
			children = (
				E5BD0EB322F161290094ECD6 /* Base */,
			);
			name = LaunchScreen.storyboard;
			sourceTree = "<group>";
		};
/* End PBXVariantGroup section */

/* Begin XCBuildConfiguration section */
		E5BD0EB622F1612A0094ECD6 /* Debug */ = {
			isa = XCBuildConfiguration;
			buildSettings = {
				ALWAYS_SEARCH_USER_PATHS = NO;
				CLANG_ANALYZER_NONNULL = YES;
				CLANG_ANALYZER_NUMBER_OBJECT_CONVERSION = YES_AGGRESSIVE;
				CLANG_CXX_LANGUAGE_STANDARD = "gnu++14";
				CLANG_CXX_LIBRARY = "libc++";
				CLANG_ENABLE_MODULES = YES;
				CLANG_ENABLE_OBJC_ARC = YES;
				CLANG_ENABLE_OBJC_WEAK = YES;
				CLANG_WARN_BLOCK_CAPTURE_AUTORELEASING = YES;
				CLANG_WARN_BOOL_CONVERSION = YES;
				CLANG_WARN_COMMA = YES;
				CLANG_WARN_CONSTANT_CONVERSION = YES;
				CLANG_WARN_DEPRECATED_OBJC_IMPLEMENTATIONS = YES;
				CLANG_WARN_DIRECT_OBJC_ISA_USAGE = YES_ERROR;
				CLANG_WARN_DOCUMENTATION_COMMENTS = YES;
				CLANG_WARN_EMPTY_BODY = YES;
				CLANG_WARN_ENUM_CONVERSION = YES;
				CLANG_WARN_INFINITE_RECURSION = YES;
				CLANG_WARN_INT_CONVERSION = YES;
				CLANG_WARN_NON_LITERAL_NULL_CONVERSION = YES;
				CLANG_WARN_OBJC_IMPLICIT_RETAIN_SELF = YES;
				CLANG_WARN_OBJC_LITERAL_CONVERSION = YES;
				CLANG_WARN_OBJC_ROOT_CLASS = YES_ERROR;
				CLANG_WARN_RANGE_LOOP_ANALYSIS = YES;
				CLANG_WARN_STRICT_PROTOTYPES = YES;
				CLANG_WARN_SUSPICIOUS_MOVE = YES;
				CLANG_WARN_UNGUARDED_AVAILABILITY = YES_AGGRESSIVE;
				CLANG_WARN_UNREACHABLE_CODE = YES;
				CLANG_WARN__DUPLICATE_METHOD_MATCH = YES;
				COPY_PHASE_STRIP = NO;
				DEBUG_INFORMATION_FORMAT = dwarf;
				ENABLE_STRICT_OBJC_MSGSEND = YES;
				ENABLE_TESTABILITY = YES;
				GCC_C_LANGUAGE_STANDARD = gnu11;
				GCC_DYNAMIC_NO_PIC = NO;
				GCC_NO_COMMON_BLOCKS = YES;
				GCC_OPTIMIZATION_LEVEL = 0;
				GCC_PREPROCESSOR_DEFINITIONS = (
					"DEBUG=1",
					"$(inherited)",
				);
				GCC_WARN_64_TO_32_BIT_CONVERSION = YES;
				GCC_WARN_ABOUT_RETURN_TYPE = YES_ERROR;
				GCC_WARN_UNDECLARED_SELECTOR = YES;
				GCC_WARN_UNINITIALIZED_AUTOS = YES_AGGRESSIVE;
				GCC_WARN_UNUSED_FUNCTION = YES;
				GCC_WARN_UNUSED_VARIABLE = YES;
				IPHONEOS_DEPLOYMENT_TARGET = 13.0;
				MTL_ENABLE_DEBUG_INFO = INCLUDE_SOURCE;
				MTL_FAST_MATH = YES;
				ONLY_ACTIVE_ARCH = YES;
				SDKROOT = iphoneos;
				SWIFT_ACTIVE_COMPILATION_CONDITIONS = DEBUG;
				SWIFT_OPTIMIZATION_LEVEL = "-Onone";
			};
			name = Debug;
		};
		E5BD0EB722F1612A0094ECD6 /* Release */ = {
			isa = XCBuildConfiguration;
			buildSettings = {
				ALWAYS_SEARCH_USER_PATHS = NO;
				CLANG_ANALYZER_NONNULL = YES;
				CLANG_ANALYZER_NUMBER_OBJECT_CONVERSION = YES_AGGRESSIVE;
				CLANG_CXX_LANGUAGE_STANDARD = "gnu++14";
				CLANG_CXX_LIBRARY = "libc++";
				CLANG_ENABLE_MODULES = YES;
				CLANG_ENABLE_OBJC_ARC = YES;
				CLANG_ENABLE_OBJC_WEAK = YES;
				CLANG_WARN_BLOCK_CAPTURE_AUTORELEASING = YES;
				CLANG_WARN_BOOL_CONVERSION = YES;
				CLANG_WARN_COMMA = YES;
				CLANG_WARN_CONSTANT_CONVERSION = YES;
				CLANG_WARN_DEPRECATED_OBJC_IMPLEMENTATIONS = YES;
				CLANG_WARN_DIRECT_OBJC_ISA_USAGE = YES_ERROR;
				CLANG_WARN_DOCUMENTATION_COMMENTS = YES;
				CLANG_WARN_EMPTY_BODY = YES;
				CLANG_WARN_ENUM_CONVERSION = YES;
				CLANG_WARN_INFINITE_RECURSION = YES;
				CLANG_WARN_INT_CONVERSION = YES;
				CLANG_WARN_NON_LITERAL_NULL_CONVERSION = YES;
				CLANG_WARN_OBJC_IMPLICIT_RETAIN_SELF = YES;
				CLANG_WARN_OBJC_LITERAL_CONVERSION = YES;
				CLANG_WARN_OBJC_ROOT_CLASS = YES_ERROR;
				CLANG_WARN_RANGE_LOOP_ANALYSIS = YES;
				CLANG_WARN_STRICT_PROTOTYPES = YES;
				CLANG_WARN_SUSPICIOUS_MOVE = YES;
				CLANG_WARN_UNGUARDED_AVAILABILITY = YES_AGGRESSIVE;
				CLANG_WARN_UNREACHABLE_CODE = YES;
				CLANG_WARN__DUPLICATE_METHOD_MATCH = YES;
				COPY_PHASE_STRIP = NO;
				DEBUG_INFORMATION_FORMAT = "dwarf-with-dsym";
				ENABLE_NS_ASSERTIONS = NO;
				ENABLE_STRICT_OBJC_MSGSEND = YES;
				GCC_C_LANGUAGE_STANDARD = gnu11;
				GCC_NO_COMMON_BLOCKS = YES;
				GCC_WARN_64_TO_32_BIT_CONVERSION = YES;
				GCC_WARN_ABOUT_RETURN_TYPE = YES_ERROR;
				GCC_WARN_UNDECLARED_SELECTOR = YES;
				GCC_WARN_UNINITIALIZED_AUTOS = YES_AGGRESSIVE;
				GCC_WARN_UNUSED_FUNCTION = YES;
				GCC_WARN_UNUSED_VARIABLE = YES;
				IPHONEOS_DEPLOYMENT_TARGET = 13.0;
				MTL_ENABLE_DEBUG_INFO = NO;
				MTL_FAST_MATH = YES;
				SDKROOT = iphoneos;
				SWIFT_COMPILATION_MODE = wholemodule;
				SWIFT_OPTIMIZATION_LEVEL = "-O";
				VALIDATE_PRODUCT = YES;
			};
			name = Release;
		};
		E5BD0EB922F1612A0094ECD6 /* Debug */ = {
			isa = XCBuildConfiguration;
			buildSettings = {
				ASSETCATALOG_COMPILER_APPICON_NAME = AppIcon;
				CODE_SIGN_STYLE = Automatic;
				DEVELOPMENT_ASSET_PATHS = "SampleApp/Preview\\ Content";
				DEVELOPMENT_TEAM = RK3JMA88P6;
				ENABLE_PREVIEWS = YES;
				INFOPLIST_FILE = SampleApp/Info.plist;
				LD_RUNPATH_SEARCH_PATHS = (
					"$(inherited)",
					"@executable_path/Frameworks",
				);
				PRODUCT_BUNDLE_IDENTIFIER = com.maxx.SampleApp;
				PRODUCT_NAME = "$(TARGET_NAME)";
				SWIFT_VERSION = 5.0;
				TARGETED_DEVICE_FAMILY = "1,2";
			};
			name = Debug;
		};
		E5BD0EBA22F1612A0094ECD6 /* Release */ = {
			isa = XCBuildConfiguration;
			buildSettings = {
				ASSETCATALOG_COMPILER_APPICON_NAME = AppIcon;
				CODE_SIGN_STYLE = Automatic;
				DEVELOPMENT_ASSET_PATHS = "SampleApp/Preview\\ Content";
				DEVELOPMENT_TEAM = RK3JMA88P6;
				ENABLE_PREVIEWS = YES;
				INFOPLIST_FILE = SampleApp/Info.plist;
				LD_RUNPATH_SEARCH_PATHS = (
					"$(inherited)",
					"@executable_path/Frameworks",
				);
				PRODUCT_BUNDLE_IDENTIFIER = com.maxx.SampleApp;
				PRODUCT_NAME = "$(TARGET_NAME)";
				SWIFT_VERSION = 5.0;
				TARGETED_DEVICE_FAMILY = "1,2";
			};
			name = Release;
		};
/* End XCBuildConfiguration section */

/* Begin XCConfigurationList section */
		E5BD0E9F22F161270094ECD6 /* Build configuration list for PBXProject "SampleApp" */ = {
			isa = XCConfigurationList;
			buildConfigurations = (
				E5BD0EB622F1612A0094ECD6 /* Debug */,
				E5BD0EB722F1612A0094ECD6 /* Release */,
			);
			defaultConfigurationIsVisible = 0;
			defaultConfigurationName = Release;
		};
		E5BD0EB822F1612A0094ECD6 /* Build configuration list for PBXNativeTarget "SampleApp" */ = {
			isa = XCConfigurationList;
			buildConfigurations = (
				E5BD0EB922F1612A0094ECD6 /* Debug */,
				E5BD0EBA22F1612A0094ECD6 /* Release */,
			);
			defaultConfigurationIsVisible = 0;
			defaultConfigurationName = Release;
		};
/* End XCConfigurationList section */
	};
	rootObject = E5BD0E9C22F161270094ECD6 /* Project object */;
}
